
Microsoft Visual Studio Solution File, Format Version 12.00
# Visual Studio Version 16
VisualStudioVersion = 16.0.30320.27
MinimumVisualStudioVersion = 10.0.40219.1
Project("{9A19103F-16F7-4668-BE54-9A1E7A4F7556}") = "SuperAdventures", "SuperAdventures\SuperAdventures.csproj", "{1AE15F31-18E7-4C6B-AD01-C58D1B0700E8}"
EndProject
Project("{FAE04EC0-301F-11D3-BF4B-00C04F79EFBC}") = "Engine", "Engine\Engine.csproj", "{88615839-FFDC-4ADD-B666-804D57C2D950}"
EndProject
Global
	GlobalSection(SolutionConfigurationPlatforms) = preSolution
		Debug|Any CPU = Debug|Any CPU
		Release|Any CPU = Release|Any CPU
	EndGlobalSection
	GlobalSection(ProjectConfigurationPlatforms) = postSolution
		{1AE15F31-18E7-4C6B-AD01-C58D1B0700E8}.Debug|Any CPU.ActiveCfg = Debug|Any CPU
		{1AE15F31-18E7-4C6B-AD01-C58D1B0700E8}.Debug|Any CPU.Build.0 = Debug|Any CPU
		{1AE15F31-18E7-4C6B-AD01-C58D1B0700E8}.Release|Any CPU.ActiveCfg = Release|Any CPU
		{1AE15F31-18E7-4C6B-AD01-C58D1B0700E8}.Release|Any CPU.Build.0 = Release|Any CPU
		{88615839-FFDC-4ADD-B666-804D57C2D950}.Debug|Any CPU.ActiveCfg = Debug|Any CPU
		{88615839-FFDC-4ADD-B666-804D57C2D950}.Debug|Any CPU.Build.0 = Debug|Any CPU
		{88615839-FFDC-4ADD-B666-804D57C2D950}.Release|Any CPU.ActiveCfg = Release|Any CPU
		{88615839-FFDC-4ADD-B666-804D57C2D950}.Release|Any CPU.Build.0 = Release|Any CPU
	EndGlobalSection
	GlobalSection(SolutionProperties) = preSolution
		HideSolutionNode = FALSE
	EndGlobalSection
	GlobalSection(ExtensibilityGlobals) = postSolution
		SolutionGuid = {9E34CA0A-CCCA-428A-8B1A-79F3A49C9578}
	EndGlobalSection
EndGlobal
